
Microsoft Visual Studio Solution File, Format Version 12.00
# Visual Studio Version 16
VisualStudioVersion = 16.0.29306.81
MinimumVisualStudioVersion = 10.0.40219.1
Project("{FAE04EC0-301F-11D3-BF4B-00C04F79EFBC}") = "ExpressGangLoader", "ExpressGangLoader.csproj", "{AABCE1AF-FAEB-482A-8821-99413FA7B617}"
EndProject
Global
	GlobalSection(SolutionConfigurationPlatforms) = preSolution
		Debug|Any CPU = Debug|Any CPU
		Release|Any CPU = Release|Any CPU
	EndGlobalSection
	GlobalSection(ProjectConfigurationPlatforms) = postSolution
		{AABCE1AF-FAEB-482A-8821-99413FA7B617}.Debug|Any CPU.ActiveCfg = Debug|Any CPU
		{AABCE1AF-FAEB-482A-8821-99413FA7B617}.Debug|Any CPU.Build.0 = Debug|Any CPU
		{AABCE1AF-FAEB-482A-8821-99413FA7B617}.Release|Any CPU.ActiveCfg = Release|Any CPU
		{AABCE1AF-FAEB-482A-8821-99413FA7B617}.Release|Any CPU.Build.0 = Release|Any CPU
	EndGlobalSection
	GlobalSection(SolutionProperties) = preSolution
		HideSolutionNode = FALSE
	EndGlobalSection
	GlobalSection(ExtensibilityGlobals) = postSolution
		SolutionGuid = {94779848-E018-4A0D-991F-0D230260F15B}
	EndGlobalSection
EndGlobal
